// !$*UTF8*$!
{
	archiveVersion = 1;
	classes = {
	};
	objectVersion = 46;
	objects = {

/* Begin PBXBuildFile section */
		3B22FC1314DAA43B00D2A0D9 /* UIKit.framework in Frameworks */ = {isa = PBXBuildFile; fileRef = 3B22FC1214DAA43B00D2A0D9 /* UIKit.framework */; };
		3B22FC1514DAA43B00D2A0D9 /* Foundation.framework in Frameworks */ = {isa = PBXBuildFile; fileRef = 3B22FC1414DAA43B00D2A0D9 /* Foundation.framework */; };
		3B22FC1714DAA43B00D2A0D9 /* CoreGraphics.framework in Frameworks */ = {isa = PBXBuildFile; fileRef = 3B22FC1614DAA43B00D2A0D9 /* CoreGraphics.framework */; };
		3B22FC1D14DAA43B00D2A0D9 /* InfoPlist.strings in Resources */ = {isa = PBXBuildFile; fileRef = 3B22FC1B14DAA43B00D2A0D9 /* InfoPlist.strings */; };
		3B22FC1F14DAA43B00D2A0D9 /* main.m in Sources */ = {isa = PBXBuildFile; fileRef = 3B22FC1E14DAA43B00D2A0D9 /* main.m */; };
		3B22FC2314DAA43B00D2A0D9 /* KMAppDelegate.m in Sources */ = {isa = PBXBuildFile; fileRef = 3B22FC2214DAA43B00D2A0D9 /* KMAppDelegate.m */; };
		3B22FC2614DAA43B00D2A0D9 /* KMViewController.m in Sources */ = {isa = PBXBuildFile; fileRef = 3B22FC2514DAA43B00D2A0D9 /* KMViewController.m */; };
		3B22FC2914DAA43B00D2A0D9 /* KMViewController.xib in Resources */ = {isa = PBXBuildFile; fileRef = 3B22FC2714DAA43B00D2A0D9 /* KMViewController.xib */; };
		3B22FC3514DAC0FD00D2A0D9 /* KMCloseButtonView.m in Sources */ = {isa = PBXBuildFile; fileRef = 3B22FC3414DAC0FD00D2A0D9 /* KMCloseButtonView.m */; };
		3BC2CCE414DCB2BA00CC89E3 /* KMDisclosueButtonView.m in Sources */ = {isa = PBXBuildFile; fileRef = 3BC2CCE314DCB2BA00CC89E3 /* KMDisclosueButtonView.m */; };
		3BC2CCE714DCB2E900CC89E3 /* disclosue.png in Resources */ = {isa = PBXBuildFile; fileRef = 3BC2CCE614DCB2E900CC89E3 /* disclosue.png */; };
/* End PBXBuildFile section */

/* Begin PBXFileReference section */
		3B22FC0E14DAA43B00D2A0D9 /* Elements.app */ = {isa = PBXFileReference; explicitFileType = wrapper.application; includeInIndex = 0; path = Elements.app; sourceTree = BUILT_PRODUCTS_DIR; };
		3B22FC1214DAA43B00D2A0D9 /* UIKit.framework */ = {isa = PBXFileReference; lastKnownFileType = wrapper.framework; name = UIKit.framework; path = System/Library/Frameworks/UIKit.framework; sourceTree = SDKROOT; };
		3B22FC1414DAA43B00D2A0D9 /* Foundation.framework */ = {isa = PBXFileReference; lastKnownFileType = wrapper.framework; name = Foundation.framework; path = System/Library/Frameworks/Foundation.framework; sourceTree = SDKROOT; };
		3B22FC1614DAA43B00D2A0D9 /* CoreGraphics.framework */ = {isa = PBXFileReference; lastKnownFileType = wrapper.framework; name = CoreGraphics.framework; path = System/Library/Frameworks/CoreGraphics.framework; sourceTree = SDKROOT; };
		3B22FC1A14DAA43B00D2A0D9 /* Elements-Info.plist */ = {isa = PBXFileReference; lastKnownFileType = text.plist.xml; path = "Elements-Info.plist"; sourceTree = "<group>"; };
		3B22FC1C14DAA43B00D2A0D9 /* en */ = {isa = PBXFileReference; lastKnownFileType = text.plist.strings; name = en; path = en.lproj/InfoPlist.strings; sourceTree = "<group>"; };
		3B22FC1E14DAA43B00D2A0D9 /* main.m */ = {isa = PBXFileReference; lastKnownFileType = sourcecode.c.objc; path = main.m; sourceTree = "<group>"; };
		3B22FC2014DAA43B00D2A0D9 /* Elements-Prefix.pch */ = {isa = PBXFileReference; lastKnownFileType = sourcecode.c.h; path = "Elements-Prefix.pch"; sourceTree = "<group>"; };
		3B22FC2114DAA43B00D2A0D9 /* KMAppDelegate.h */ = {isa = PBXFileReference; lastKnownFileType = sourcecode.c.h; path = KMAppDelegate.h; sourceTree = "<group>"; };
		3B22FC2214DAA43B00D2A0D9 /* KMAppDelegate.m */ = {isa = PBXFileReference; lastKnownFileType = sourcecode.c.objc; path = KMAppDelegate.m; sourceTree = "<group>"; };
		3B22FC2414DAA43B00D2A0D9 /* KMViewController.h */ = {isa = PBXFileReference; lastKnownFileType = sourcecode.c.h; path = KMViewController.h; sourceTree = "<group>"; };
		3B22FC2514DAA43B00D2A0D9 /* KMViewController.m */ = {isa = PBXFileReference; lastKnownFileType = sourcecode.c.objc; path = KMViewController.m; sourceTree = "<group>"; };
		3B22FC2814DAA43B00D2A0D9 /* en */ = {isa = PBXFileReference; lastKnownFileType = file.xib; name = en; path = en.lproj/KMViewController.xib; sourceTree = "<group>"; };
		3B22FC3314DAC0FD00D2A0D9 /* KMCloseButtonView.h */ = {isa = PBXFileReference; fileEncoding = 4; lastKnownFileType = sourcecode.c.h; path = KMCloseButtonView.h; sourceTree = "<group>"; };
		3B22FC3414DAC0FD00D2A0D9 /* KMCloseButtonView.m */ = {isa = PBXFileReference; fileEncoding = 4; lastKnownFileType = sourcecode.c.objc; path = KMCloseButtonView.m; sourceTree = "<group>"; };
		3BC2CCE214DCB2BA00CC89E3 /* KMDisclosueButtonView.h */ = {isa = PBXFileReference; fileEncoding = 4; lastKnownFileType = sourcecode.c.h; path = KMDisclosueButtonView.h; sourceTree = "<group>"; };
		3BC2CCE314DCB2BA00CC89E3 /* KMDisclosueButtonView.m */ = {isa = PBXFileReference; fileEncoding = 4; lastKnownFileType = sourcecode.c.objc; path = KMDisclosueButtonView.m; sourceTree = "<group>"; };
		3BC2CCE614DCB2E900CC89E3 /* disclosue.png */ = {isa = PBXFileReference; lastKnownFileType = image.png; path = disclosue.png; sourceTree = "<group>"; };
/* End PBXFileReference section */

/* Begin PBXFrameworksBuildPhase section */
		3B22FC0B14DAA43B00D2A0D9 /* Frameworks */ = {
			isa = PBXFrameworksBuildPhase;
			buildActionMask = 2147483647;
			files = (
				3B22FC1314DAA43B00D2A0D9 /* UIKit.framework in Frameworks */,
				3B22FC1514DAA43B00D2A0D9 /* Foundation.framework in Frameworks */,
				3B22FC1714DAA43B00D2A0D9 /* CoreGraphics.framework in Frameworks */,
			);
			runOnlyForDeploymentPostprocessing = 0;
		};
/* End PBXFrameworksBuildPhase section */

/* Begin PBXGroup section */
		3B22FC0314DAA43B00D2A0D9 = {
			isa = PBXGroup;
			children = (
				3B22FC3214DAC0FD00D2A0D9 /* src */,
				3B22FC1814DAA43B00D2A0D9 /* Elements */,
				3B22FC1114DAA43B00D2A0D9 /* Frameworks */,
				3B22FC0F14DAA43B00D2A0D9 /* Products */,
			);
			sourceTree = "<group>";
		};
		3B22FC0F14DAA43B00D2A0D9 /* Products */ = {
			isa = PBXGroup;
			children = (
				3B22FC0E14DAA43B00D2A0D9 /* Elements.app */,
			);
			name = Products;
			sourceTree = "<group>";
		};
		3B22FC1114DAA43B00D2A0D9 /* Frameworks */ = {
			isa = PBXGroup;
			children = (
				3B22FC1214DAA43B00D2A0D9 /* UIKit.framework */,
				3B22FC1414DAA43B00D2A0D9 /* Foundation.framework */,
				3B22FC1614DAA43B00D2A0D9 /* CoreGraphics.framework */,
			);
			name = Frameworks;
			sourceTree = "<group>";
		};
		3B22FC1814DAA43B00D2A0D9 /* Elements */ = {
			isa = PBXGroup;
			children = (
				3B22FC2114DAA43B00D2A0D9 /* KMAppDelegate.h */,
				3B22FC2214DAA43B00D2A0D9 /* KMAppDelegate.m */,
				3B22FC2414DAA43B00D2A0D9 /* KMViewController.h */,
				3B22FC2514DAA43B00D2A0D9 /* KMViewController.m */,
				3B22FC2714DAA43B00D2A0D9 /* KMViewController.xib */,
				3B22FC1914DAA43B00D2A0D9 /* Supporting Files */,
			);
			path = Elements;
			sourceTree = "<group>";
		};
		3B22FC1914DAA43B00D2A0D9 /* Supporting Files */ = {
			isa = PBXGroup;
			children = (
				3BC2CCE614DCB2E900CC89E3 /* disclosue.png */,
				3B22FC1A14DAA43B00D2A0D9 /* Elements-Info.plist */,
				3B22FC1B14DAA43B00D2A0D9 /* InfoPlist.strings */,
				3B22FC1E14DAA43B00D2A0D9 /* main.m */,
				3B22FC2014DAA43B00D2A0D9 /* Elements-Prefix.pch */,
			);
			name = "Supporting Files";
			sourceTree = "<group>";
		};
		3B22FC3214DAC0FD00D2A0D9 /* src */ = {
			isa = PBXGroup;
			children = (
				3B22FC3314DAC0FD00D2A0D9 /* KMCloseButtonView.h */,
				3B22FC3414DAC0FD00D2A0D9 /* KMCloseButtonView.m */,
				3BC2CCE214DCB2BA00CC89E3 /* KMDisclosueButtonView.h */,
				3BC2CCE314DCB2BA00CC89E3 /* KMDisclosueButtonView.m */,
			);
			path = src;
			sourceTree = "<group>";
		};
/* End PBXGroup section */

/* Begin PBXNativeTarget section */
		3B22FC0D14DAA43B00D2A0D9 /* Elements */ = {
			isa = PBXNativeTarget;
			buildConfigurationList = 3B22FC2C14DAA43B00D2A0D9 /* Build configuration list for PBXNativeTarget "Elements" */;
			buildPhases = (
				3B22FC0A14DAA43B00D2A0D9 /* Sources */,
				3B22FC0B14DAA43B00D2A0D9 /* Frameworks */,
				3B22FC0C14DAA43B00D2A0D9 /* Resources */,
			);
			buildRules = (
			);
			dependencies = (
			);
			name = Elements;
			productName = Elements;
			productReference = 3B22FC0E14DAA43B00D2A0D9 /* Elements.app */;
			productType = "com.apple.product-type.application";
		};
/* End PBXNativeTarget section */

/* Begin PBXProject section */
		3B22FC0514DAA43B00D2A0D9 /* Project object */ = {
			isa = PBXProject;
			attributes = {
				LastUpgradeCheck = 0420;
				ORGANIZATIONNAME = None;
			};
			buildConfigurationList = 3B22FC0814DAA43B00D2A0D9 /* Build configuration list for PBXProject "Elements" */;
			compatibilityVersion = "Xcode 3.2";
			developmentRegion = English;
			hasScannedForEncodings = 0;
			knownRegions = (
				en,
			);
			mainGroup = 3B22FC0314DAA43B00D2A0D9;
			productRefGroup = 3B22FC0F14DAA43B00D2A0D9 /* Products */;
			projectDirPath = "";
			projectRoot = "";
			targets = (
				3B22FC0D14DAA43B00D2A0D9 /* Elements */,
			);
		};
/* End PBXProject section */

/* Begin PBXResourcesBuildPhase section */
		3B22FC0C14DAA43B00D2A0D9 /* Resources */ = {
			isa = PBXResourcesBuildPhase;
			buildActionMask = 2147483647;
			files = (
				3B22FC1D14DAA43B00D2A0D9 /* InfoPlist.strings in Resources */,
				3B22FC2914DAA43B00D2A0D9 /* KMViewController.xib in Resources */,
				3BC2CCE714DCB2E900CC89E3 /* disclosue.png in Resources */,
			);
			runOnlyForDeploymentPostprocessing = 0;
		};
/* End PBXResourcesBuildPhase section */

/* Begin PBXSourcesBuildPhase section */
		3B22FC0A14DAA43B00D2A0D9 /* Sources */ = {
			isa = PBXSourcesBuildPhase;
			buildActionMask = 2147483647;
			files = (
				3B22FC1F14DAA43B00D2A0D9 /* main.m in Sources */,
				3B22FC2314DAA43B00D2A0D9 /* KMAppDelegate.m in Sources */,
				3B22FC2614DAA43B00D2A0D9 /* KMViewController.m in Sources */,
				3B22FC3514DAC0FD00D2A0D9 /* KMCloseButtonView.m in Sources */,
				3BC2CCE414DCB2BA00CC89E3 /* KMDisclosueButtonView.m in Sources */,
			);
			runOnlyForDeploymentPostprocessing = 0;
		};
/* End PBXSourcesBuildPhase section */

/* Begin PBXVariantGroup section */
		3B22FC1B14DAA43B00D2A0D9 /* InfoPlist.strings */ = {
			isa = PBXVariantGroup;
			children = (
				3B22FC1C14DAA43B00D2A0D9 /* en */,
			);
			name = InfoPlist.strings;
			sourceTree = "<group>";
		};
		3B22FC2714DAA43B00D2A0D9 /* KMViewController.xib */ = {
			isa = PBXVariantGroup;
			children = (
				3B22FC2814DAA43B00D2A0D9 /* en */,
			);
			name = KMViewController.xib;
			sourceTree = "<group>";
		};
/* End PBXVariantGroup section */

/* Begin XCBuildConfiguration section */
		3B22FC2A14DAA43B00D2A0D9 /* Debug */ = {
			isa = XCBuildConfiguration;
			buildSettings = {
				ALWAYS_SEARCH_USER_PATHS = NO;
				ARCHS = "$(ARCHS_STANDARD_32_BIT)";
				"CODE_SIGN_IDENTITY[sdk=iphoneos*]" = "iPhone Developer";
				COPY_PHASE_STRIP = NO;
				GCC_C_LANGUAGE_STANDARD = gnu99;
				GCC_DYNAMIC_NO_PIC = NO;
				GCC_OPTIMIZATION_LEVEL = 0;
				GCC_PREPROCESSOR_DEFINITIONS = (
					"DEBUG=1",
					"$(inherited)",
				);
				GCC_SYMBOLS_PRIVATE_EXTERN = NO;
				GCC_VERSION = com.apple.compilers.llvm.clang.1_0;
				GCC_WARN_ABOUT_MISSING_PROTOTYPES = YES;
				GCC_WARN_ABOUT_RETURN_TYPE = YES;
				GCC_WARN_UNUSED_VARIABLE = YES;
				IPHONEOS_DEPLOYMENT_TARGET = 5.0;
				SDKROOT = iphoneos;
			};
			name = Debug;
		};
		3B22FC2B14DAA43B00D2A0D9 /* Release */ = {
			isa = XCBuildConfiguration;
			buildSettings = {
				ALWAYS_SEARCH_USER_PATHS = NO;
				ARCHS = "$(ARCHS_STANDARD_32_BIT)";
				"CODE_SIGN_IDENTITY[sdk=iphoneos*]" = "iPhone Developer";
				COPY_PHASE_STRIP = YES;
				GCC_C_LANGUAGE_STANDARD = gnu99;
				GCC_VERSION = com.apple.compilers.llvm.clang.1_0;
				GCC_WARN_ABOUT_MISSING_PROTOTYPES = YES;
				GCC_WARN_ABOUT_RETURN_TYPE = YES;
				GCC_WARN_UNUSED_VARIABLE = YES;
				IPHONEOS_DEPLOYMENT_TARGET = 5.0;
				OTHER_CFLAGS = "-DNS_BLOCK_ASSERTIONS=1";
				SDKROOT = iphoneos;
				VALIDATE_PRODUCT = YES;
			};
			name = Release;
		};
		3B22FC2D14DAA43B00D2A0D9 /* Debug */ = {
			isa = XCBuildConfiguration;
			buildSettings = {
				GCC_PRECOMPILE_PREFIX_HEADER = YES;
				GCC_PREFIX_HEADER = "Elements/Elements-Prefix.pch";
				GCC_WARN_UNUSED_VALUE = YES;
				GCC_WARN_UNUSED_VARIABLE = NO;
				INFOPLIST_FILE = "Elements/Elements-Info.plist";
				PRODUCT_NAME = "$(TARGET_NAME)";
				WRAPPER_EXTENSION = app;
			};
			name = Debug;
		};
		3B22FC2E14DAA43B00D2A0D9 /* Release */ = {
			isa = XCBuildConfiguration;
			buildSettings = {
				GCC_PRECOMPILE_PREFIX_HEADER = YES;
				GCC_PREFIX_HEADER = "Elements/Elements-Prefix.pch";
				GCC_WARN_UNUSED_VALUE = YES;
				GCC_WARN_UNUSED_VARIABLE = NO;
				INFOPLIST_FILE = "Elements/Elements-Info.plist";
				PRODUCT_NAME = "$(TARGET_NAME)";
				WRAPPER_EXTENSION = app;
			};
			name = Release;
		};
/* End XCBuildConfiguration section */

/* Begin XCConfigurationList section */
		3B22FC0814DAA43B00D2A0D9 /* Build configuration list for PBXProject "Elements" */ = {
			isa = XCConfigurationList;
			buildConfigurations = (
				3B22FC2A14DAA43B00D2A0D9 /* Debug */,
				3B22FC2B14DAA43B00D2A0D9 /* Release */,
			);
			defaultConfigurationIsVisible = 0;
			defaultConfigurationName = Release;
		};
		3B22FC2C14DAA43B00D2A0D9 /* Build configuration list for PBXNativeTarget "Elements" */ = {
			isa = XCConfigurationList;
			buildConfigurations = (
				3B22FC2D14DAA43B00D2A0D9 /* Debug */,
				3B22FC2E14DAA43B00D2A0D9 /* Release */,
			);
			defaultConfigurationIsVisible = 0;
			defaultConfigurationName = Release;
		};
/* End XCConfigurationList section */
	};
	rootObject = 3B22FC0514DAA43B00D2A0D9 /* Project object */;
}
